
Microsoft Visual Studio Solution File, Format Version 12.00
# Visual Studio Version 17
VisualStudioVersion = 17.11.35222.181
MinimumVisualStudioVersion = 10.0.40219.1
Project("{FAE04EC0-301F-11D3-BF4B-00C04F79EFBC}") = "SistemaHoteleiro", "SistemaHoteleiro.csproj", "{5A3120F2-303B-4D65-BED3-94C3C9D129AA}"
EndProject
Global
	GlobalSection(SolutionConfigurationPlatforms) = preSolution
		Debug|Any CPU = Debug|Any CPU
		Release|Any CPU = Release|Any CPU
	EndGlobalSection
	GlobalSection(ProjectConfigurationPlatforms) = postSolution
		{5A3120F2-303B-4D65-BED3-94C3C9D129AA}.Debug|Any CPU.ActiveCfg = Debug|Any CPU
		{5A3120F2-303B-4D65-BED3-94C3C9D129AA}.Debug|Any CPU.Build.0 = Debug|Any CPU
		{5A3120F2-303B-4D65-BED3-94C3C9D129AA}.Release|Any CPU.ActiveCfg = Release|Any CPU
		{5A3120F2-303B-4D65-BED3-94C3C9D129AA}.Release|Any CPU.Build.0 = Release|Any CPU
	EndGlobalSection
	GlobalSection(SolutionProperties) = preSolution
		HideSolutionNode = FALSE
	EndGlobalSection
	GlobalSection(ExtensibilityGlobals) = postSolution
		SolutionGuid = {D8ED3243-CA47-4C52-9CF0-231DED965BB7}
	EndGlobalSection
EndGlobal
